// !$*UTF8*$!
{
	archiveVersion = 1;
	classes = {
	};
	objectVersion = 77;
	objects = {

/* Begin PBXBuildFile section */
		B955804F2D58EE2800A0262D /* Preview Assets.xcassets in Resources */ = {isa = PBXBuildFile; fileRef = B955803E2D58EE2800A0262D /* Preview Assets.xcassets */; };
		B95580502D58EE2800A0262D /* openapi.yaml in Resources */ = {isa = PBXBuildFile; fileRef = B95580402D58EE2800A0262D /* openapi.yaml */; };
		B95580512D58EE2800A0262D /* openapi-generator-config.yaml in Resources */ = {isa = PBXBuildFile; fileRef = B95580412D58EE2800A0262D /* openapi-generator-config.yaml */; };
		B95580522D58EE2800A0262D /* Assets.xcassets in Resources */ = {isa = PBXBuildFile; fileRef = B95580442D58EE2800A0262D /* Assets.xcassets */; };
		B95580552D58EE2800A0262D /* ContentView.swift in Sources */ = {isa = PBXBuildFile; fileRef = B95580462D58EE2800A0262D /* ContentView.swift */; };
		B955805C2D58EE2800A0262D /* TravelScheduleApp.swift in Sources */ = {isa = PBXBuildFile; fileRef = B955804D2D58EE2800A0262D /* TravelScheduleApp.swift */; };
		B9C0F5FC2D42D42C00FB4A2E /* OpenAPIRuntime in Frameworks */ = {isa = PBXBuildFile; productRef = B9C0F5FB2D42D42C00FB4A2E /* OpenAPIRuntime */; };
		B9C0F5FF2D42D43C00FB4A2E /* OpenAPIURLSession in Frameworks */ = {isa = PBXBuildFile; productRef = B9C0F5FE2D42D43C00FB4A2E /* OpenAPIURLSession */; };
/* End PBXBuildFile section */

/* Begin PBXFileReference section */
		B955803E2D58EE2800A0262D /* Preview Assets.xcassets */ = {isa = PBXFileReference; lastKnownFileType = folder.assetcatalog; path = "Preview Assets.xcassets"; sourceTree = "<group>"; };
		B95580402D58EE2800A0262D /* openapi.yaml */ = {isa = PBXFileReference; lastKnownFileType = text.yaml; path = openapi.yaml; sourceTree = "<group>"; };
		B95580412D58EE2800A0262D /* openapi-generator-config.yaml */ = {isa = PBXFileReference; lastKnownFileType = text.yaml; path = "openapi-generator-config.yaml"; sourceTree = "<group>"; };
		B95580442D58EE2800A0262D /* Assets.xcassets */ = {isa = PBXFileReference; lastKnownFileType = folder.assetcatalog; path = Assets.xcassets; sourceTree = "<group>"; };
		B95580462D58EE2800A0262D /* ContentView.swift */ = {isa = PBXFileReference; lastKnownFileType = sourcecode.swift; path = ContentView.swift; sourceTree = "<group>"; };
		B955804D2D58EE2800A0262D /* TravelScheduleApp.swift */ = {isa = PBXFileReference; lastKnownFileType = sourcecode.swift; path = TravelScheduleApp.swift; sourceTree = "<group>"; };
		B95580602D58FFF800A0262D /* Info.plist */ = {isa = PBXFileReference; lastKnownFileType = text.plist; path = Info.plist; sourceTree = "<group>"; };
		B9C0F5E62D42D3D600FB4A2E /* TravelSchedule.app */ = {isa = PBXFileReference; explicitFileType = wrapper.application; includeInIndex = 0; path = TravelSchedule.app; sourceTree = BUILT_PRODUCTS_DIR; };
/* End PBXFileReference section */

/* Begin PBXFileSystemSynchronizedBuildFileExceptionSet section */
		B95580832D591A7400A0262D /* Exceptions for "ViewModel" folder in "TravelSchedule" target */ = {
			isa = PBXFileSystemSynchronizedBuildFileExceptionSet;
			membershipExceptions = (
				ContentViewViewModel.swift,
				RouteCarrierData.swift,
				RouteData.swift,
				StoryViewViewModel.swift,
				TravelServices.swift,
			);
			target = B9C0F5E52D42D3D600FB4A2E /* TravelSchedule */;
		};
/* End PBXFileSystemSynchronizedBuildFileExceptionSet section */

/* Begin PBXFileSystemSynchronizedRootGroup section */
		B952A11B2D708123005F2699 /* Assets */ = {
			isa = PBXFileSystemSynchronizedRootGroup;
			path = Assets;
			sourceTree = "<group>";
		};
		B955805D2D58EE3A00A0262D /* Services */ = {
			isa = PBXFileSystemSynchronizedRootGroup;
			path = Services;
			sourceTree = "<group>";
		};
		B955807E2D5919CA00A0262D /* ViewModel */ = {
			isa = PBXFileSystemSynchronizedRootGroup;
			exceptions = (
				B95580832D591A7400A0262D /* Exceptions for "ViewModel" folder in "TravelSchedule" target */,
			);
			path = ViewModel;
			sourceTree = "<group>";
		};
		B955807F2D5919DF00A0262D /* Views */ = {
			isa = PBXFileSystemSynchronizedRootGroup;
			path = Views;
			sourceTree = "<group>";
		};
		B95580802D5919E900A0262D /* Models */ = {
			isa = PBXFileSystemSynchronizedRootGroup;
			path = Models;
			sourceTree = "<group>";
		};
/* End PBXFileSystemSynchronizedRootGroup section */

/* Begin PBXFrameworksBuildPhase section */
		B9C0F5E32D42D3D600FB4A2E /* Frameworks */ = {
			isa = PBXFrameworksBuildPhase;
			buildActionMask = 2147483647;
			files = (
				B9C0F5FC2D42D42C00FB4A2E /* OpenAPIRuntime in Frameworks */,
				B9C0F5FF2D42D43C00FB4A2E /* OpenAPIURLSession in Frameworks */,
			);
			runOnlyForDeploymentPostprocessing = 0;
		};
/* End PBXFrameworksBuildPhase section */

/* Begin PBXGroup section */
		B9313A562D42D68A00353B5B /* Frameworks */ = {
			isa = PBXGroup;
			children = (
			);
			name = Frameworks;
			sourceTree = "<group>";
		};
		B955803F2D58EE2800A0262D /* Preview Content */ = {
			isa = PBXGroup;
			children = (
				B955803E2D58EE2800A0262D /* Preview Assets.xcassets */,
			);
			path = "Preview Content";
			sourceTree = "<group>";
		};
		B95580422D58EE2800A0262D /* Resources */ = {
			isa = PBXGroup;
			children = (
				B95580402D58EE2800A0262D /* openapi.yaml */,
				B95580412D58EE2800A0262D /* openapi-generator-config.yaml */,
			);
			path = Resources;
			sourceTree = "<group>";
		};
		B955804E2D58EE2800A0262D /* TravelSchedule */ = {
			isa = PBXGroup;
			children = (
				B952A11B2D708123005F2699 /* Assets */,
				B95580802D5919E900A0262D /* Models */,
				B955807E2D5919CA00A0262D /* ViewModel */,
				B955807F2D5919DF00A0262D /* Views */,
				B95580602D58FFF800A0262D /* Info.plist */,
				B955803F2D58EE2800A0262D /* Preview Content */,
				B95580422D58EE2800A0262D /* Resources */,
				B95580442D58EE2800A0262D /* Assets.xcassets */,
				B955805D2D58EE3A00A0262D /* Services */,
				B95580462D58EE2800A0262D /* ContentView.swift */,
				B955804D2D58EE2800A0262D /* TravelScheduleApp.swift */,
			);
			path = TravelSchedule;
			sourceTree = "<group>";
		};
		B9C0F5DD2D42D3D600FB4A2E = {
			isa = PBXGroup;
			children = (
				B955804E2D58EE2800A0262D /* TravelSchedule */,
				B9313A562D42D68A00353B5B /* Frameworks */,
				B9C0F5E72D42D3D600FB4A2E /* Products */,
			);
			sourceTree = "<group>";
		};
		B9C0F5E72D42D3D600FB4A2E /* Products */ = {
			isa = PBXGroup;
			children = (
				B9C0F5E62D42D3D600FB4A2E /* TravelSchedule.app */,
			);
			name = Products;
			sourceTree = "<group>";
		};
/* End PBXGroup section */

/* Begin PBXNativeTarget section */
		B9C0F5E52D42D3D600FB4A2E /* TravelSchedule */ = {
			isa = PBXNativeTarget;
			buildConfigurationList = B9C0F5F42D42D3D700FB4A2E /* Build configuration list for PBXNativeTarget "TravelSchedule" */;
			buildPhases = (
				B9C0F5E22D42D3D600FB4A2E /* Sources */,
				B9C0F5E32D42D3D600FB4A2E /* Frameworks */,
				B9C0F5E42D42D3D600FB4A2E /* Resources */,
			);
			buildRules = (
			);
			dependencies = (
				B9C0F6012D42D4A100FB4A2E /* PBXTargetDependency */,
			);
			fileSystemSynchronizedGroups = (
				B952A11B2D708123005F2699 /* Assets */,
				B955805D2D58EE3A00A0262D /* Services */,
				B955807F2D5919DF00A0262D /* Views */,
				B95580802D5919E900A0262D /* Models */,
			);
			name = TravelSchedule;
			packageProductDependencies = (
				B9C0F5FB2D42D42C00FB4A2E /* OpenAPIRuntime */,
				B9C0F5FE2D42D43C00FB4A2E /* OpenAPIURLSession */,
			);
			productName = TravelSchedule;
			productReference = B9C0F5E62D42D3D600FB4A2E /* TravelSchedule.app */;
			productType = "com.apple.product-type.application";
		};
/* End PBXNativeTarget section */

/* Begin PBXProject section */
		B9C0F5DE2D42D3D600FB4A2E /* Project object */ = {
			isa = PBXProject;
			attributes = {
				BuildIndependentTargetsInParallel = 1;
				LastSwiftUpdateCheck = 1620;
				LastUpgradeCheck = 1620;
				TargetAttributes = {
					B9C0F5E52D42D3D600FB4A2E = {
						CreatedOnToolsVersion = 16.2;
					};
				};
			};
			buildConfigurationList = B9C0F5E12D42D3D600FB4A2E /* Build configuration list for PBXProject "TravelSchedule" */;
			developmentRegion = en;
			hasScannedForEncodings = 0;
			knownRegions = (
				en,
				Base,
			);
			mainGroup = B9C0F5DD2D42D3D600FB4A2E;
			minimizedProjectReferenceProxies = 1;
			packageReferences = (
				B9C0F5F72D42D41A00FB4A2E /* XCRemoteSwiftPackageReference "swift-openapi-generator" */,
				B9C0F5FA2D42D42C00FB4A2E /* XCRemoteSwiftPackageReference "swift-openapi-runtime" */,
				B9C0F5FD2D42D43C00FB4A2E /* XCRemoteSwiftPackageReference "swift-openapi-urlsession" */,
			);
			preferredProjectObjectVersion = 77;
			productRefGroup = B9C0F5E72D42D3D600FB4A2E /* Products */;
			projectDirPath = "";
			projectRoot = "";
			targets = (
				B9C0F5E52D42D3D600FB4A2E /* TravelSchedule */,
			);
		};
/* End PBXProject section */

/* Begin PBXResourcesBuildPhase section */
		B9C0F5E42D42D3D600FB4A2E /* Resources */ = {
			isa = PBXResourcesBuildPhase;
			buildActionMask = 2147483647;
			files = (
				B955804F2D58EE2800A0262D /* Preview Assets.xcassets in Resources */,
				B95580502D58EE2800A0262D /* openapi.yaml in Resources */,
				B95580512D58EE2800A0262D /* openapi-generator-config.yaml in Resources */,
				B95580522D58EE2800A0262D /* Assets.xcassets in Resources */,
			);
			runOnlyForDeploymentPostprocessing = 0;
		};
/* End PBXResourcesBuildPhase section */

/* Begin PBXSourcesBuildPhase section */
		B9C0F5E22D42D3D600FB4A2E /* Sources */ = {
			isa = PBXSourcesBuildPhase;
			buildActionMask = 2147483647;
			files = (
				B95580552D58EE2800A0262D /* ContentView.swift in Sources */,
				B955805C2D58EE2800A0262D /* TravelScheduleApp.swift in Sources */,
			);
			runOnlyForDeploymentPostprocessing = 0;
		};
/* End PBXSourcesBuildPhase section */

/* Begin PBXTargetDependency section */
		B9C0F6012D42D4A100FB4A2E /* PBXTargetDependency */ = {
			isa = PBXTargetDependency;
			productRef = B9C0F6002D42D4A100FB4A2E /* OpenAPIGenerator */;
		};
/* End PBXTargetDependency section */

/* Begin XCBuildConfiguration section */
		B9C0F5F22D42D3D700FB4A2E /* Debug */ = {
			isa = XCBuildConfiguration;
			buildSettings = {
				ALWAYS_SEARCH_USER_PATHS = NO;
				ASSETCATALOG_COMPILER_GENERATE_SWIFT_ASSET_SYMBOL_EXTENSIONS = YES;
				CLANG_ANALYZER_NONNULL = YES;
				CLANG_ANALYZER_NUMBER_OBJECT_CONVERSION = YES_AGGRESSIVE;
				CLANG_CXX_LANGUAGE_STANDARD = "gnu++20";
				CLANG_ENABLE_MODULES = YES;
				CLANG_ENABLE_OBJC_ARC = YES;
				CLANG_ENABLE_OBJC_WEAK = YES;
				CLANG_WARN_BLOCK_CAPTURE_AUTORELEASING = YES;
				CLANG_WARN_BOOL_CONVERSION = YES;
				CLANG_WARN_COMMA = YES;
				CLANG_WARN_CONSTANT_CONVERSION = YES;
				CLANG_WARN_DEPRECATED_OBJC_IMPLEMENTATIONS = YES;
				CLANG_WARN_DIRECT_OBJC_ISA_USAGE = YES_ERROR;
				CLANG_WARN_DOCUMENTATION_COMMENTS = YES;
				CLANG_WARN_EMPTY_BODY = YES;
				CLANG_WARN_ENUM_CONVERSION = YES;
				CLANG_WARN_INFINITE_RECURSION = YES;
				CLANG_WARN_INT_CONVERSION = YES;
				CLANG_WARN_NON_LITERAL_NULL_CONVERSION = YES;
				CLANG_WARN_OBJC_IMPLICIT_RETAIN_SELF = YES;
				CLANG_WARN_OBJC_LITERAL_CONVERSION = YES;
				CLANG_WARN_OBJC_ROOT_CLASS = YES_ERROR;
				CLANG_WARN_QUOTED_INCLUDE_IN_FRAMEWORK_HEADER = YES;
				CLANG_WARN_RANGE_LOOP_ANALYSIS = YES;
				CLANG_WARN_STRICT_PROTOTYPES = YES;
				CLANG_WARN_SUSPICIOUS_MOVE = YES;
				CLANG_WARN_UNGUARDED_AVAILABILITY = YES_AGGRESSIVE;
				CLANG_WARN_UNREACHABLE_CODE = YES;
				CLANG_WARN__DUPLICATE_METHOD_MATCH = YES;
				COPY_PHASE_STRIP = NO;
				DEBUG_INFORMATION_FORMAT = dwarf;
				ENABLE_STRICT_OBJC_MSGSEND = YES;
				ENABLE_TESTABILITY = YES;
				ENABLE_USER_SCRIPT_SANDBOXING = YES;
				GCC_C_LANGUAGE_STANDARD = gnu17;
				GCC_DYNAMIC_NO_PIC = NO;
				GCC_NO_COMMON_BLOCKS = YES;
				GCC_OPTIMIZATION_LEVEL = 0;
				GCC_PREPROCESSOR_DEFINITIONS = (
					"DEBUG=1",
					"$(inherited)",
				);
				GCC_WARN_64_TO_32_BIT_CONVERSION = YES;
				GCC_WARN_ABOUT_RETURN_TYPE = YES_ERROR;
				GCC_WARN_UNDECLARED_SELECTOR = YES;
				GCC_WARN_UNINITIALIZED_AUTOS = YES_AGGRESSIVE;
				GCC_WARN_UNUSED_FUNCTION = YES;
				GCC_WARN_UNUSED_VARIABLE = YES;
				IPHONEOS_DEPLOYMENT_TARGET = 18.2;
				LOCALIZATION_PREFERS_STRING_CATALOGS = YES;
				MTL_ENABLE_DEBUG_INFO = INCLUDE_SOURCE;
				MTL_FAST_MATH = YES;
				ONLY_ACTIVE_ARCH = YES;
				SDKROOT = iphoneos;
				SWIFT_ACTIVE_COMPILATION_CONDITIONS = "DEBUG $(inherited)";
				SWIFT_OPTIMIZATION_LEVEL = "-Onone";
			};
			name = Debug;
		};
		B9C0F5F32D42D3D700FB4A2E /* Release */ = {
			isa = XCBuildConfiguration;
			buildSettings = {
				ALWAYS_SEARCH_USER_PATHS = NO;
				ASSETCATALOG_COMPILER_GENERATE_SWIFT_ASSET_SYMBOL_EXTENSIONS = YES;
				CLANG_ANALYZER_NONNULL = YES;
				CLANG_ANALYZER_NUMBER_OBJECT_CONVERSION = YES_AGGRESSIVE;
				CLANG_CXX_LANGUAGE_STANDARD = "gnu++20";
				CLANG_ENABLE_MODULES = YES;
				CLANG_ENABLE_OBJC_ARC = YES;
				CLANG_ENABLE_OBJC_WEAK = YES;
				CLANG_WARN_BLOCK_CAPTURE_AUTORELEASING = YES;
				CLANG_WARN_BOOL_CONVERSION = YES;
				CLANG_WARN_COMMA = YES;
				CLANG_WARN_CONSTANT_CONVERSION = YES;
				CLANG_WARN_DEPRECATED_OBJC_IMPLEMENTATIONS = YES;
				CLANG_WARN_DIRECT_OBJC_ISA_USAGE = YES_ERROR;
				CLANG_WARN_DOCUMENTATION_COMMENTS = YES;
				CLANG_WARN_EMPTY_BODY = YES;
				CLANG_WARN_ENUM_CONVERSION = YES;
				CLANG_WARN_INFINITE_RECURSION = YES;
				CLANG_WARN_INT_CONVERSION = YES;
				CLANG_WARN_NON_LITERAL_NULL_CONVERSION = YES;
				CLANG_WARN_OBJC_IMPLICIT_RETAIN_SELF = YES;
				CLANG_WARN_OBJC_LITERAL_CONVERSION = YES;
				CLANG_WARN_OBJC_ROOT_CLASS = YES_ERROR;
				CLANG_WARN_QUOTED_INCLUDE_IN_FRAMEWORK_HEADER = YES;
				CLANG_WARN_RANGE_LOOP_ANALYSIS = YES;
				CLANG_WARN_STRICT_PROTOTYPES = YES;
				CLANG_WARN_SUSPICIOUS_MOVE = YES;
				CLANG_WARN_UNGUARDED_AVAILABILITY = YES_AGGRESSIVE;
				CLANG_WARN_UNREACHABLE_CODE = YES;
				CLANG_WARN__DUPLICATE_METHOD_MATCH = YES;
				COPY_PHASE_STRIP = NO;
				DEBUG_INFORMATION_FORMAT = "dwarf-with-dsym";
				ENABLE_NS_ASSERTIONS = NO;
				ENABLE_STRICT_OBJC_MSGSEND = YES;
				ENABLE_USER_SCRIPT_SANDBOXING = YES;
				GCC_C_LANGUAGE_STANDARD = gnu17;
				GCC_NO_COMMON_BLOCKS = YES;
				GCC_WARN_64_TO_32_BIT_CONVERSION = YES;
				GCC_WARN_ABOUT_RETURN_TYPE = YES_ERROR;
				GCC_WARN_UNDECLARED_SELECTOR = YES;
				GCC_WARN_UNINITIALIZED_AUTOS = YES_AGGRESSIVE;
				GCC_WARN_UNUSED_FUNCTION = YES;
				GCC_WARN_UNUSED_VARIABLE = YES;
				IPHONEOS_DEPLOYMENT_TARGET = 18.2;
				LOCALIZATION_PREFERS_STRING_CATALOGS = YES;
				MTL_ENABLE_DEBUG_INFO = NO;
				MTL_FAST_MATH = YES;
				SDKROOT = iphoneos;
				SWIFT_COMPILATION_MODE = wholemodule;
				VALIDATE_PRODUCT = YES;
			};
			name = Release;
		};
		B9C0F5F52D42D3D700FB4A2E /* Debug */ = {
			isa = XCBuildConfiguration;
			buildSettings = {
				ASSETCATALOG_COMPILER_APPICON_NAME = AppIcon;
				ASSETCATALOG_COMPILER_GLOBAL_ACCENT_COLOR_NAME = AccentColor;
				CODE_SIGN_STYLE = Automatic;
				CURRENT_PROJECT_VERSION = 1;
				DEVELOPMENT_ASSET_PATHS = "\"TravelSchedule/Preview Content\"";
				DEVELOPMENT_TEAM = 525NQN8N76;
				ENABLE_PREVIEWS = YES;
				GENERATE_INFOPLIST_FILE = YES;
				INFOPLIST_FILE = TravelSchedule/Info.plist;
				INFOPLIST_KEY_UIApplicationSceneManifest_Generation = YES;
				INFOPLIST_KEY_UIApplicationSupportsIndirectInputEvents = YES;
				INFOPLIST_KEY_UISupportedInterfaceOrientations = UIInterfaceOrientationPortrait;
				INFOPLIST_KEY_UISupportedInterfaceOrientations_iPad = "UIInterfaceOrientationLandscapeLeft UIInterfaceOrientationLandscapeRight UIInterfaceOrientationPortrait UIInterfaceOrientationPortraitUpsideDown";
				IPHONEOS_DEPLOYMENT_TARGET = 16.6;
				LD_RUNPATH_SEARCH_PATHS = (
					"$(inherited)",
					"@executable_path/Frameworks",
				);
				MARKETING_VERSION = 1.0;
				PRODUCT_BUNDLE_IDENTIFIER = ru.zvonarevva.Yandex.TravelSchedule;
				PRODUCT_NAME = "$(TARGET_NAME)";
				SUPPORTED_PLATFORMS = "iphoneos iphonesimulator";
				SUPPORTS_MACCATALYST = NO;
				SUPPORTS_MAC_DESIGNED_FOR_IPHONE_IPAD = NO;
				SUPPORTS_XR_DESIGNED_FOR_IPHONE_IPAD = NO;
				SWIFT_EMIT_LOC_STRINGS = YES;
				SWIFT_VERSION = 5.0;
				TARGETED_DEVICE_FAMILY = 1;
			};
			name = Debug;
		};
		B9C0F5F62D42D3D700FB4A2E /* Release */ = {
			isa = XCBuildConfiguration;
			buildSettings = {
				ASSETCATALOG_COMPILER_APPICON_NAME = AppIcon;
				ASSETCATALOG_COMPILER_GLOBAL_ACCENT_COLOR_NAME = AccentColor;
				CODE_SIGN_STYLE = Automatic;
				CURRENT_PROJECT_VERSION = 1;
				DEVELOPMENT_ASSET_PATHS = "\"TravelSchedule/Preview Content\"";
				DEVELOPMENT_TEAM = 525NQN8N76;
				ENABLE_PREVIEWS = YES;
				GENERATE_INFOPLIST_FILE = YES;
				INFOPLIST_FILE = TravelSchedule/Info.plist;
				INFOPLIST_KEY_UIApplicationSceneManifest_Generation = YES;
				INFOPLIST_KEY_UIApplicationSupportsIndirectInputEvents = YES;
				INFOPLIST_KEY_UISupportedInterfaceOrientations = UIInterfaceOrientationPortrait;
				INFOPLIST_KEY_UISupportedInterfaceOrientations_iPad = "UIInterfaceOrientationLandscapeLeft UIInterfaceOrientationLandscapeRight UIInterfaceOrientationPortrait UIInterfaceOrientationPortraitUpsideDown";
				IPHONEOS_DEPLOYMENT_TARGET = 16.6;
				LD_RUNPATH_SEARCH_PATHS = (
					"$(inherited)",
					"@executable_path/Frameworks",
				);
				MARKETING_VERSION = 1.0;
				PRODUCT_BUNDLE_IDENTIFIER = ru.zvonarevva.Yandex.TravelSchedule;
				PRODUCT_NAME = "$(TARGET_NAME)";
				SUPPORTED_PLATFORMS = "iphoneos iphonesimulator";
				SUPPORTS_MACCATALYST = NO;
				SUPPORTS_MAC_DESIGNED_FOR_IPHONE_IPAD = NO;
				SUPPORTS_XR_DESIGNED_FOR_IPHONE_IPAD = NO;
				SWIFT_EMIT_LOC_STRINGS = YES;
				SWIFT_VERSION = 5.0;
				TARGETED_DEVICE_FAMILY = 1;
			};
			name = Release;
		};
/* End XCBuildConfiguration section */

/* Begin XCConfigurationList section */
		B9C0F5E12D42D3D600FB4A2E /* Build configuration list for PBXProject "TravelSchedule" */ = {
			isa = XCConfigurationList;
			buildConfigurations = (
				B9C0F5F22D42D3D700FB4A2E /* Debug */,
				B9C0F5F32D42D3D700FB4A2E /* Release */,
			);
			defaultConfigurationIsVisible = 0;
			defaultConfigurationName = Release;
		};
		B9C0F5F42D42D3D700FB4A2E /* Build configuration list for PBXNativeTarget "TravelSchedule" */ = {
			isa = XCConfigurationList;
			buildConfigurations = (
				B9C0F5F52D42D3D700FB4A2E /* Debug */,
				B9C0F5F62D42D3D700FB4A2E /* Release */,
			);
			defaultConfigurationIsVisible = 0;
			defaultConfigurationName = Release;
		};
/* End XCConfigurationList section */

/* Begin XCRemoteSwiftPackageReference section */
		B9C0F5F72D42D41A00FB4A2E /* XCRemoteSwiftPackageReference "swift-openapi-generator" */ = {
			isa = XCRemoteSwiftPackageReference;
			repositoryURL = "https://github.com/apple/swift-openapi-generator";
			requirement = {
				kind = upToNextMajorVersion;
				minimumVersion = 1.7.0;
			};
		};
		B9C0F5FA2D42D42C00FB4A2E /* XCRemoteSwiftPackageReference "swift-openapi-runtime" */ = {
			isa = XCRemoteSwiftPackageReference;
			repositoryURL = "https://github.com/apple/swift-openapi-runtime";
			requirement = {
				kind = upToNextMajorVersion;
				minimumVersion = 1.8.0;
			};
		};
		B9C0F5FD2D42D43C00FB4A2E /* XCRemoteSwiftPackageReference "swift-openapi-urlsession" */ = {
			isa = XCRemoteSwiftPackageReference;
			repositoryURL = "https://github.com/apple/swift-openapi-urlsession";
			requirement = {
				kind = upToNextMajorVersion;
				minimumVersion = 1.0.2;
			};
		};
/* End XCRemoteSwiftPackageReference section */

/* Begin XCSwiftPackageProductDependency section */
		B9C0F5FB2D42D42C00FB4A2E /* OpenAPIRuntime */ = {
			isa = XCSwiftPackageProductDependency;
			package = B9C0F5FA2D42D42C00FB4A2E /* XCRemoteSwiftPackageReference "swift-openapi-runtime" */;
			productName = OpenAPIRuntime;
		};
		B9C0F5FE2D42D43C00FB4A2E /* OpenAPIURLSession */ = {
			isa = XCSwiftPackageProductDependency;
			package = B9C0F5FD2D42D43C00FB4A2E /* XCRemoteSwiftPackageReference "swift-openapi-urlsession" */;
			productName = OpenAPIURLSession;
		};
		B9C0F6002D42D4A100FB4A2E /* OpenAPIGenerator */ = {
			isa = XCSwiftPackageProductDependency;
			package = B9C0F5F72D42D41A00FB4A2E /* XCRemoteSwiftPackageReference "swift-openapi-generator" */;
			productName = "plugin:OpenAPIGenerator";
		};
/* End XCSwiftPackageProductDependency section */
	};
	rootObject = B9C0F5DE2D42D3D600FB4A2E /* Project object */;
}
