// !$*UTF8*$!
{
	archiveVersion = 1;
	classes = {
	};
	objectVersion = 77;
	objects = {

/* Begin PBXBuildFile section */
		B9398BDA2D736E9500C2364F /* TimerConfiguration.swift in Sources */ = {isa = PBXBuildFile; fileRef = B9398BD12D736E9500C2364F /* TimerConfiguration.swift */; };
		B9398BDB2D736E9500C2364F /* TimerConfiguration+Calculations.swift in Sources */ = {isa = PBXBuildFile; fileRef = B9398BD22D736E9500C2364F /* TimerConfiguration+Calculations.swift */; };
		B9398BDC2D736E9500C2364F /* ProgressBar.swift in Sources */ = {isa = PBXBuildFile; fileRef = B9398BD42D736E9500C2364F /* ProgressBar.swift */; };
		B9398BDD2D736E9500C2364F /* StoriesProgressBar.swift in Sources */ = {isa = PBXBuildFile; fileRef = B9398BD52D736E9500C2364F /* StoriesProgressBar.swift */; };
		B9398BDE2D736E9500C2364F /* CloseButton.swift in Sources */ = {isa = PBXBuildFile; fileRef = B9398BD72D736E9500C2364F /* CloseButton.swift */; };
		B9398BDF2D736E9500C2364F /* Font+Extensions.swift in Sources */ = {isa = PBXBuildFile; fileRef = B9398BD82D736E9500C2364F /* Font+Extensions.swift */; };
		B9398BE62D736EA400C2364F /* Carrier.swift in Sources */ = {isa = PBXBuildFile; fileRef = B9398BE02D736EA400C2364F /* Carrier.swift */; };
		B9398BE72D736EA400C2364F /* ContentViewModel.swift in Sources */ = {isa = PBXBuildFile; fileRef = B9398BE12D736EA400C2364F /* ContentViewModel.swift */; };
		B9398BE82D736EA400C2364F /* RouteSettingsModel.swift in Sources */ = {isa = PBXBuildFile; fileRef = B9398BE22D736EA400C2364F /* RouteSettingsModel.swift */; };
		B9398BE92D736EA400C2364F /* NavigationModel.swift in Sources */ = {isa = PBXBuildFile; fileRef = B9398BE32D736EA400C2364F /* NavigationModel.swift */; };
		B9398BEA2D736EA400C2364F /* StoryModel.swift in Sources */ = {isa = PBXBuildFile; fileRef = B9398BE42D736EA400C2364F /* StoryModel.swift */; };
		B9398BF12D736EA800C2364F /* StoryViewViewModel.swift in Sources */ = {isa = PBXBuildFile; fileRef = B9398BEE2D736EA800C2364F /* StoryViewViewModel.swift */; };
		B9398BF22D736EA800C2364F /* TravelServices.swift in Sources */ = {isa = PBXBuildFile; fileRef = B9398BEF2D736EA800C2364F /* TravelServices.swift */; };
		B9398BF32D736EA800C2364F /* ContentViewViewModel.swift in Sources */ = {isa = PBXBuildFile; fileRef = B9398BEB2D736EA800C2364F /* ContentViewViewModel.swift */; };
		B9398BF42D736EA800C2364F /* RouteCarrierData.swift in Sources */ = {isa = PBXBuildFile; fileRef = B9398BEC2D736EA800C2364F /* RouteCarrierData.swift */; };
		B9398BF52D736EA800C2364F /* RouteData.swift in Sources */ = {isa = PBXBuildFile; fileRef = B9398BED2D736EA800C2364F /* RouteData.swift */; };
		B9398C102D736EAF00C2364F /* CarrierCard.swift in Sources */ = {isa = PBXBuildFile; fileRef = B9398BF62D736EAF00C2364F /* CarrierCard.swift */; };
		B9398C112D736EAF00C2364F /* CarrierSearch.swift in Sources */ = {isa = PBXBuildFile; fileRef = B9398BF72D736EAF00C2364F /* CarrierSearch.swift */; };
		B9398C122D736EAF00C2364F /* RouteInfo.swift in Sources */ = {isa = PBXBuildFile; fileRef = B9398BF82D736EAF00C2364F /* RouteInfo.swift */; };
		B9398C132D736EAF00C2364F /* RouteSettings.swift in Sources */ = {isa = PBXBuildFile; fileRef = B9398BF92D736EAF00C2364F /* RouteSettings.swift */; };
		B9398C142D736EAF00C2364F /* StoryImageViewFull.swift in Sources */ = {isa = PBXBuildFile; fileRef = B9398BFB2D736EAF00C2364F /* StoryImageViewFull.swift */; };
		B9398C152D736EAF00C2364F /* StoryTabView.swift in Sources */ = {isa = PBXBuildFile; fileRef = B9398BFC2D736EAF00C2364F /* StoryTabView.swift */; };
		B9398C162D736EAF00C2364F /* StoryView.swift in Sources */ = {isa = PBXBuildFile; fileRef = B9398BFD2D736EAF00C2364F /* StoryView.swift */; };
		B9398C172D736EAF00C2364F /* StoryCollectionView.swift in Sources */ = {isa = PBXBuildFile; fileRef = B9398BFF2D736EAF00C2364F /* StoryCollectionView.swift */; };
		B9398C182D736EAF00C2364F /* StoryPreviewImage.swift in Sources */ = {isa = PBXBuildFile; fileRef = B9398C002D736EAF00C2364F /* StoryPreviewImage.swift */; };
		B9398C192D736EAF00C2364F /* NoInternetView.swift in Sources */ = {isa = PBXBuildFile; fileRef = B9398C022D736EAF00C2364F /* NoInternetView.swift */; };
		B9398C1A2D736EAF00C2364F /* ServerErrorView.swift in Sources */ = {isa = PBXBuildFile; fileRef = B9398C032D736EAF00C2364F /* ServerErrorView.swift */; };
		B9398C1B2D736EAF00C2364F /* FromToView.swift in Sources */ = {isa = PBXBuildFile; fileRef = B9398C052D736EAF00C2364F /* FromToView.swift */; };
		B9398C1C2D736EAF00C2364F /* LocationSelection.swift in Sources */ = {isa = PBXBuildFile; fileRef = B9398C062D736EAF00C2364F /* LocationSelection.swift */; };
		B9398C1D2D736EAF00C2364F /* SearchBar.swift in Sources */ = {isa = PBXBuildFile; fileRef = B9398C072D736EAF00C2364F /* SearchBar.swift */; };
		B9398C1E2D736EAF00C2364F /* StationSelection.swift in Sources */ = {isa = PBXBuildFile; fileRef = B9398C082D736EAF00C2364F /* StationSelection.swift */; };
		B9398C1F2D736EAF00C2364F /* SettingsView.swift in Sources */ = {isa = PBXBuildFile; fileRef = B9398C0A2D736EAF00C2364F /* SettingsView.swift */; };
		B9398C202D736EAF00C2364F /* userAgreementView.swift in Sources */ = {isa = PBXBuildFile; fileRef = B9398C0B2D736EAF00C2364F /* userAgreementView.swift */; };
		B9398C212D736EAF00C2364F /* MainTabView.swift in Sources */ = {isa = PBXBuildFile; fileRef = B9398C0D2D736EAF00C2364F /* MainTabView.swift */; };
		B9398C222D736EAF00C2364F /* SplashScreen.swift in Sources */ = {isa = PBXBuildFile; fileRef = B9398C0E2D736EAF00C2364F /* SplashScreen.swift */; };
		B9398C2C2D736EB400C2364F /* AllStationService.swift in Sources */ = {isa = PBXBuildFile; fileRef = B9398C232D736EB400C2364F /* AllStationService.swift */; };
		B9398C2D2D736EB400C2364F /* CarrierByCodeService.swift in Sources */ = {isa = PBXBuildFile; fileRef = B9398C242D736EB400C2364F /* CarrierByCodeService.swift */; };
		B9398C2E2D736EB400C2364F /* CopyrightService.swift in Sources */ = {isa = PBXBuildFile; fileRef = B9398C252D736EB400C2364F /* CopyrightService.swift */; };
		B9398C2F2D736EB400C2364F /* NearestSettlementService.swift in Sources */ = {isa = PBXBuildFile; fileRef = B9398C262D736EB400C2364F /* NearestSettlementService.swift */; };
		B9398C302D736EB400C2364F /* NearestStationService.swift in Sources */ = {isa = PBXBuildFile; fileRef = B9398C272D736EB400C2364F /* NearestStationService.swift */; };
		B9398C312D736EB400C2364F /* ScheduleBetweenStationsService.swift in Sources */ = {isa = PBXBuildFile; fileRef = B9398C282D736EB400C2364F /* ScheduleBetweenStationsService.swift */; };
		B9398C322D736EB400C2364F /* ScheduleByStationService.swift in Sources */ = {isa = PBXBuildFile; fileRef = B9398C292D736EB400C2364F /* ScheduleByStationService.swift */; };
		B9398C332D736EB400C2364F /* StationOnRouteService.swift in Sources */ = {isa = PBXBuildFile; fileRef = B9398C2A2D736EB400C2364F /* StationOnRouteService.swift */; };
		B9398C992D75F17F00C2364F /* RouteSettingViewModel.swift in Sources */ = {isa = PBXBuildFile; fileRef = B9398C982D75F17F00C2364F /* RouteSettingViewModel.swift */; };
		B955804F2D58EE2800A0262D /* Preview Assets.xcassets in Resources */ = {isa = PBXBuildFile; fileRef = B955803E2D58EE2800A0262D /* Preview Assets.xcassets */; };
		B95580502D58EE2800A0262D /* openapi.yaml in Resources */ = {isa = PBXBuildFile; fileRef = B95580402D58EE2800A0262D /* openapi.yaml */; };
		B95580512D58EE2800A0262D /* openapi-generator-config.yaml in Resources */ = {isa = PBXBuildFile; fileRef = B95580412D58EE2800A0262D /* openapi-generator-config.yaml */; };
		B95580522D58EE2800A0262D /* Assets.xcassets in Resources */ = {isa = PBXBuildFile; fileRef = B95580442D58EE2800A0262D /* Assets.xcassets */; };
		B95580552D58EE2800A0262D /* ContentView.swift in Sources */ = {isa = PBXBuildFile; fileRef = B95580462D58EE2800A0262D /* ContentView.swift */; };
		B955805C2D58EE2800A0262D /* TravelScheduleApp.swift in Sources */ = {isa = PBXBuildFile; fileRef = B955804D2D58EE2800A0262D /* TravelScheduleApp.swift */; };
		B9C0F5FC2D42D42C00FB4A2E /* OpenAPIRuntime in Frameworks */ = {isa = PBXBuildFile; productRef = B9C0F5FB2D42D42C00FB4A2E /* OpenAPIRuntime */; };
		B9C0F5FF2D42D43C00FB4A2E /* OpenAPIURLSession in Frameworks */ = {isa = PBXBuildFile; productRef = B9C0F5FE2D42D43C00FB4A2E /* OpenAPIURLSession */; };
		B9D82D1B2D84B008009605DD /* TravelViewModel.swift in Sources */ = {isa = PBXBuildFile; fileRef = B9D82D1A2D84B008009605DD /* TravelViewModel.swift */; };
		B9D82EB22D89DE55009605DD /* CacheStorage.swift in Sources */ = {isa = PBXBuildFile; fileRef = B9D82EB12D89DE55009605DD /* CacheStorage.swift */; };
/* End PBXBuildFile section */

/* Begin PBXFileReference section */
		B9398BD12D736E9500C2364F /* TimerConfiguration.swift */ = {isa = PBXFileReference; lastKnownFileType = sourcecode.swift; path = TimerConfiguration.swift; sourceTree = "<group>"; };
		B9398BD22D736E9500C2364F /* TimerConfiguration+Calculations.swift */ = {isa = PBXFileReference; lastKnownFileType = sourcecode.swift; path = "TimerConfiguration+Calculations.swift"; sourceTree = "<group>"; };
		B9398BD42D736E9500C2364F /* ProgressBar.swift */ = {isa = PBXFileReference; lastKnownFileType = sourcecode.swift; path = ProgressBar.swift; sourceTree = "<group>"; };
		B9398BD52D736E9500C2364F /* StoriesProgressBar.swift */ = {isa = PBXFileReference; lastKnownFileType = sourcecode.swift; path = StoriesProgressBar.swift; sourceTree = "<group>"; };
		B9398BD72D736E9500C2364F /* CloseButton.swift */ = {isa = PBXFileReference; lastKnownFileType = sourcecode.swift; path = CloseButton.swift; sourceTree = "<group>"; };
		B9398BD82D736E9500C2364F /* Font+Extensions.swift */ = {isa = PBXFileReference; lastKnownFileType = sourcecode.swift; path = "Font+Extensions.swift"; sourceTree = "<group>"; };
		B9398BE02D736EA400C2364F /* Carrier.swift */ = {isa = PBXFileReference; lastKnownFileType = sourcecode.swift; path = Carrier.swift; sourceTree = "<group>"; };
		B9398BE12D736EA400C2364F /* ContentViewModel.swift */ = {isa = PBXFileReference; lastKnownFileType = sourcecode.swift; path = ContentViewModel.swift; sourceTree = "<group>"; };
		B9398BE22D736EA400C2364F /* RouteSettingsModel.swift */ = {isa = PBXFileReference; lastKnownFileType = sourcecode.swift; path = RouteSettingsModel.swift; sourceTree = "<group>"; };
		B9398BE32D736EA400C2364F /* NavigationModel.swift */ = {isa = PBXFileReference; lastKnownFileType = sourcecode.swift; path = NavigationModel.swift; sourceTree = "<group>"; };
		B9398BE42D736EA400C2364F /* StoryModel.swift */ = {isa = PBXFileReference; lastKnownFileType = sourcecode.swift; path = StoryModel.swift; sourceTree = "<group>"; };
		B9398BEB2D736EA800C2364F /* ContentViewViewModel.swift */ = {isa = PBXFileReference; lastKnownFileType = sourcecode.swift; path = ContentViewViewModel.swift; sourceTree = "<group>"; };
		B9398BEC2D736EA800C2364F /* RouteCarrierData.swift */ = {isa = PBXFileReference; lastKnownFileType = sourcecode.swift; path = RouteCarrierData.swift; sourceTree = "<group>"; };
		B9398BED2D736EA800C2364F /* RouteData.swift */ = {isa = PBXFileReference; lastKnownFileType = sourcecode.swift; path = RouteData.swift; sourceTree = "<group>"; };
		B9398BEE2D736EA800C2364F /* StoryViewViewModel.swift */ = {isa = PBXFileReference; lastKnownFileType = sourcecode.swift; path = StoryViewViewModel.swift; sourceTree = "<group>"; };
		B9398BEF2D736EA800C2364F /* TravelServices.swift */ = {isa = PBXFileReference; lastKnownFileType = sourcecode.swift; path = TravelServices.swift; sourceTree = "<group>"; };
		B9398BF62D736EAF00C2364F /* CarrierCard.swift */ = {isa = PBXFileReference; lastKnownFileType = sourcecode.swift; path = CarrierCard.swift; sourceTree = "<group>"; };
		B9398BF72D736EAF00C2364F /* CarrierSearch.swift */ = {isa = PBXFileReference; lastKnownFileType = sourcecode.swift; path = CarrierSearch.swift; sourceTree = "<group>"; };
		B9398BF82D736EAF00C2364F /* RouteInfo.swift */ = {isa = PBXFileReference; lastKnownFileType = sourcecode.swift; path = RouteInfo.swift; sourceTree = "<group>"; };
		B9398BF92D736EAF00C2364F /* RouteSettings.swift */ = {isa = PBXFileReference; lastKnownFileType = sourcecode.swift; path = RouteSettings.swift; sourceTree = "<group>"; };
		B9398BFB2D736EAF00C2364F /* StoryImageViewFull.swift */ = {isa = PBXFileReference; lastKnownFileType = sourcecode.swift; path = StoryImageViewFull.swift; sourceTree = "<group>"; };
		B9398BFC2D736EAF00C2364F /* StoryTabView.swift */ = {isa = PBXFileReference; lastKnownFileType = sourcecode.swift; path = StoryTabView.swift; sourceTree = "<group>"; };
		B9398BFD2D736EAF00C2364F /* StoryView.swift */ = {isa = PBXFileReference; lastKnownFileType = sourcecode.swift; path = StoryView.swift; sourceTree = "<group>"; };
		B9398BFF2D736EAF00C2364F /* StoryCollectionView.swift */ = {isa = PBXFileReference; lastKnownFileType = sourcecode.swift; path = StoryCollectionView.swift; sourceTree = "<group>"; };
		B9398C002D736EAF00C2364F /* StoryPreviewImage.swift */ = {isa = PBXFileReference; lastKnownFileType = sourcecode.swift; path = StoryPreviewImage.swift; sourceTree = "<group>"; };
		B9398C022D736EAF00C2364F /* NoInternetView.swift */ = {isa = PBXFileReference; lastKnownFileType = sourcecode.swift; path = NoInternetView.swift; sourceTree = "<group>"; };
		B9398C032D736EAF00C2364F /* ServerErrorView.swift */ = {isa = PBXFileReference; lastKnownFileType = sourcecode.swift; path = ServerErrorView.swift; sourceTree = "<group>"; };
		B9398C052D736EAF00C2364F /* FromToView.swift */ = {isa = PBXFileReference; lastKnownFileType = sourcecode.swift; path = FromToView.swift; sourceTree = "<group>"; };
		B9398C062D736EAF00C2364F /* LocationSelection.swift */ = {isa = PBXFileReference; lastKnownFileType = sourcecode.swift; path = LocationSelection.swift; sourceTree = "<group>"; };
		B9398C072D736EAF00C2364F /* SearchBar.swift */ = {isa = PBXFileReference; lastKnownFileType = sourcecode.swift; path = SearchBar.swift; sourceTree = "<group>"; };
		B9398C082D736EAF00C2364F /* StationSelection.swift */ = {isa = PBXFileReference; lastKnownFileType = sourcecode.swift; path = StationSelection.swift; sourceTree = "<group>"; };
		B9398C0A2D736EAF00C2364F /* SettingsView.swift */ = {isa = PBXFileReference; lastKnownFileType = sourcecode.swift; path = SettingsView.swift; sourceTree = "<group>"; };
		B9398C0B2D736EAF00C2364F /* userAgreementView.swift */ = {isa = PBXFileReference; lastKnownFileType = sourcecode.swift; path = userAgreementView.swift; sourceTree = "<group>"; };
		B9398C0D2D736EAF00C2364F /* MainTabView.swift */ = {isa = PBXFileReference; lastKnownFileType = sourcecode.swift; path = MainTabView.swift; sourceTree = "<group>"; };
		B9398C0E2D736EAF00C2364F /* SplashScreen.swift */ = {isa = PBXFileReference; lastKnownFileType = sourcecode.swift; path = SplashScreen.swift; sourceTree = "<group>"; };
		B9398C232D736EB400C2364F /* AllStationService.swift */ = {isa = PBXFileReference; lastKnownFileType = sourcecode.swift; path = AllStationService.swift; sourceTree = "<group>"; };
		B9398C242D736EB400C2364F /* CarrierByCodeService.swift */ = {isa = PBXFileReference; lastKnownFileType = sourcecode.swift; path = CarrierByCodeService.swift; sourceTree = "<group>"; };
		B9398C252D736EB400C2364F /* CopyrightService.swift */ = {isa = PBXFileReference; lastKnownFileType = sourcecode.swift; path = CopyrightService.swift; sourceTree = "<group>"; };
		B9398C262D736EB400C2364F /* NearestSettlementService.swift */ = {isa = PBXFileReference; lastKnownFileType = sourcecode.swift; path = NearestSettlementService.swift; sourceTree = "<group>"; };
		B9398C272D736EB400C2364F /* NearestStationService.swift */ = {isa = PBXFileReference; lastKnownFileType = sourcecode.swift; path = NearestStationService.swift; sourceTree = "<group>"; };
		B9398C282D736EB400C2364F /* ScheduleBetweenStationsService.swift */ = {isa = PBXFileReference; lastKnownFileType = sourcecode.swift; path = ScheduleBetweenStationsService.swift; sourceTree = "<group>"; };
		B9398C292D736EB400C2364F /* ScheduleByStationService.swift */ = {isa = PBXFileReference; lastKnownFileType = sourcecode.swift; path = ScheduleByStationService.swift; sourceTree = "<group>"; };
		B9398C2A2D736EB400C2364F /* StationOnRouteService.swift */ = {isa = PBXFileReference; lastKnownFileType = sourcecode.swift; path = StationOnRouteService.swift; sourceTree = "<group>"; };
		B9398C982D75F17F00C2364F /* RouteSettingViewModel.swift */ = {isa = PBXFileReference; lastKnownFileType = sourcecode.swift; path = RouteSettingViewModel.swift; sourceTree = "<group>"; };
		B955803E2D58EE2800A0262D /* Preview Assets.xcassets */ = {isa = PBXFileReference; lastKnownFileType = folder.assetcatalog; path = "Preview Assets.xcassets"; sourceTree = "<group>"; };
		B95580402D58EE2800A0262D /* openapi.yaml */ = {isa = PBXFileReference; lastKnownFileType = text.yaml; path = openapi.yaml; sourceTree = "<group>"; };
		B95580412D58EE2800A0262D /* openapi-generator-config.yaml */ = {isa = PBXFileReference; lastKnownFileType = text.yaml; path = "openapi-generator-config.yaml"; sourceTree = "<group>"; };
		B95580442D58EE2800A0262D /* Assets.xcassets */ = {isa = PBXFileReference; lastKnownFileType = folder.assetcatalog; path = Assets.xcassets; sourceTree = "<group>"; };
		B95580462D58EE2800A0262D /* ContentView.swift */ = {isa = PBXFileReference; lastKnownFileType = sourcecode.swift; path = ContentView.swift; sourceTree = "<group>"; };
		B955804D2D58EE2800A0262D /* TravelScheduleApp.swift */ = {isa = PBXFileReference; lastKnownFileType = sourcecode.swift; path = TravelScheduleApp.swift; sourceTree = "<group>"; };
		B95580602D58FFF800A0262D /* Info.plist */ = {isa = PBXFileReference; lastKnownFileType = text.plist; path = Info.plist; sourceTree = "<group>"; };
		B9C0F5E62D42D3D600FB4A2E /* TravelSchedule.app */ = {isa = PBXFileReference; explicitFileType = wrapper.application; includeInIndex = 0; path = TravelSchedule.app; sourceTree = BUILT_PRODUCTS_DIR; };
		B9D82D1A2D84B008009605DD /* TravelViewModel.swift */ = {isa = PBXFileReference; lastKnownFileType = sourcecode.swift; path = TravelViewModel.swift; sourceTree = "<group>"; };
		B9D82EB12D89DE55009605DD /* CacheStorage.swift */ = {isa = PBXFileReference; lastKnownFileType = sourcecode.swift; path = CacheStorage.swift; sourceTree = "<group>"; };
/* End PBXFileReference section */

/* Begin PBXFrameworksBuildPhase section */
		B9C0F5E32D42D3D600FB4A2E /* Frameworks */ = {
			isa = PBXFrameworksBuildPhase;
			buildActionMask = 2147483647;
			files = (
				B9C0F5FC2D42D42C00FB4A2E /* OpenAPIRuntime in Frameworks */,
				B9C0F5FF2D42D43C00FB4A2E /* OpenAPIURLSession in Frameworks */,
			);
			runOnlyForDeploymentPostprocessing = 0;
		};
/* End PBXFrameworksBuildPhase section */

/* Begin PBXGroup section */
		B9313A562D42D68A00353B5B /* Frameworks */ = {
			isa = PBXGroup;
			children = (
			);
			name = Frameworks;
			sourceTree = "<group>";
		};
		B9398BD32D736E9500C2364F /* Algorithms */ = {
			isa = PBXGroup;
			children = (
				B9398BD12D736E9500C2364F /* TimerConfiguration.swift */,
				B9398BD22D736E9500C2364F /* TimerConfiguration+Calculations.swift */,
			);
			path = Algorithms;
			sourceTree = "<group>";
		};
		B9398BD62D736E9500C2364F /* ProgressBar */ = {
			isa = PBXGroup;
			children = (
				B9398BD32D736E9500C2364F /* Algorithms */,
				B9398BD42D736E9500C2364F /* ProgressBar.swift */,
				B9398BD52D736E9500C2364F /* StoriesProgressBar.swift */,
			);
			path = ProgressBar;
			sourceTree = "<group>";
		};
		B9398BD92D736E9500C2364F /* Assets */ = {
			isa = PBXGroup;
			children = (
				B9398BD62D736E9500C2364F /* ProgressBar */,
				B9398BD72D736E9500C2364F /* CloseButton.swift */,
				B9398BD82D736E9500C2364F /* Font+Extensions.swift */,
				B9D82EB12D89DE55009605DD /* CacheStorage.swift */,
			);
			path = Assets;
			sourceTree = "<group>";
		};
		B9398BE52D736EA400C2364F /* Models */ = {
			isa = PBXGroup;
			children = (
				B9398BE02D736EA400C2364F /* Carrier.swift */,
				B9398BE12D736EA400C2364F /* ContentViewModel.swift */,
				B9398BE22D736EA400C2364F /* RouteSettingsModel.swift */,
				B9398BE32D736EA400C2364F /* NavigationModel.swift */,
				B9398BE42D736EA400C2364F /* StoryModel.swift */,
			);
			path = Models;
			sourceTree = "<group>";
		};
		B9398BF02D736EA800C2364F /* ViewModel */ = {
			isa = PBXGroup;
			children = (
				B9398BEB2D736EA800C2364F /* ContentViewViewModel.swift */,
				B9398BEC2D736EA800C2364F /* RouteCarrierData.swift */,
				B9398BED2D736EA800C2364F /* RouteData.swift */,
				B9398BEE2D736EA800C2364F /* StoryViewViewModel.swift */,
				B9398BEF2D736EA800C2364F /* TravelServices.swift */,
				B9398C982D75F17F00C2364F /* RouteSettingViewModel.swift */,
				B9D82D1A2D84B008009605DD /* TravelViewModel.swift */,
			);
			path = ViewModel;
			sourceTree = "<group>";
		};
		B9398BFA2D736EAF00C2364F /* CarrierAndRoute */ = {
			isa = PBXGroup;
			children = (
				B9398BF62D736EAF00C2364F /* CarrierCard.swift */,
				B9398BF72D736EAF00C2364F /* CarrierSearch.swift */,
				B9398BF82D736EAF00C2364F /* RouteInfo.swift */,
				B9398BF92D736EAF00C2364F /* RouteSettings.swift */,
			);
			path = CarrierAndRoute;
			sourceTree = "<group>";
		};
		B9398BFE2D736EAF00C2364F /* CollectionFullViews */ = {
			isa = PBXGroup;
			children = (
				B9398BFB2D736EAF00C2364F /* StoryImageViewFull.swift */,
				B9398BFC2D736EAF00C2364F /* StoryTabView.swift */,
				B9398BFD2D736EAF00C2364F /* StoryView.swift */,
			);
			path = CollectionFullViews;
			sourceTree = "<group>";
		};
		B9398C012D736EAF00C2364F /* CollectionPreviews */ = {
			isa = PBXGroup;
			children = (
				B9398BFF2D736EAF00C2364F /* StoryCollectionView.swift */,
				B9398C002D736EAF00C2364F /* StoryPreviewImage.swift */,
			);
			path = CollectionPreviews;
			sourceTree = "<group>";
		};
		B9398C042D736EAF00C2364F /* ErrorViews */ = {
			isa = PBXGroup;
			children = (
				B9398C022D736EAF00C2364F /* NoInternetView.swift */,
				B9398C032D736EAF00C2364F /* ServerErrorView.swift */,
			);
			path = ErrorViews;
			sourceTree = "<group>";
		};
		B9398C092D736EAF00C2364F /* MainViews */ = {
			isa = PBXGroup;
			children = (
				B9398C052D736EAF00C2364F /* FromToView.swift */,
				B9398C062D736EAF00C2364F /* LocationSelection.swift */,
				B9398C072D736EAF00C2364F /* SearchBar.swift */,
				B9398C082D736EAF00C2364F /* StationSelection.swift */,
			);
			path = MainViews;
			sourceTree = "<group>";
		};
		B9398C0C2D736EAF00C2364F /* Settings */ = {
			isa = PBXGroup;
			children = (
				B9398C0A2D736EAF00C2364F /* SettingsView.swift */,
				B9398C0B2D736EAF00C2364F /* userAgreementView.swift */,
			);
			path = Settings;
			sourceTree = "<group>";
		};
		B9398C0F2D736EAF00C2364F /* Views */ = {
			isa = PBXGroup;
			children = (
				B9398BFA2D736EAF00C2364F /* CarrierAndRoute */,
				B9398BFE2D736EAF00C2364F /* CollectionFullViews */,
				B9398C012D736EAF00C2364F /* CollectionPreviews */,
				B9398C042D736EAF00C2364F /* ErrorViews */,
				B9398C092D736EAF00C2364F /* MainViews */,
				B9398C0C2D736EAF00C2364F /* Settings */,
				B9398C0D2D736EAF00C2364F /* MainTabView.swift */,
				B9398C0E2D736EAF00C2364F /* SplashScreen.swift */,
			);
			path = Views;
			sourceTree = "<group>";
		};
		B9398C2B2D736EB400C2364F /* Services */ = {
			isa = PBXGroup;
			children = (
				B9398C232D736EB400C2364F /* AllStationService.swift */,
				B9398C242D736EB400C2364F /* CarrierByCodeService.swift */,
				B9398C252D736EB400C2364F /* CopyrightService.swift */,
				B9398C262D736EB400C2364F /* NearestSettlementService.swift */,
				B9398C272D736EB400C2364F /* NearestStationService.swift */,
				B9398C282D736EB400C2364F /* ScheduleBetweenStationsService.swift */,
				B9398C292D736EB400C2364F /* ScheduleByStationService.swift */,
				B9398C2A2D736EB400C2364F /* StationOnRouteService.swift */,
			);
			path = Services;
			sourceTree = "<group>";
		};
		B955803F2D58EE2800A0262D /* Preview Content */ = {
			isa = PBXGroup;
			children = (
				B955803E2D58EE2800A0262D /* Preview Assets.xcassets */,
			);
			path = "Preview Content";
			sourceTree = "<group>";
		};
		B95580422D58EE2800A0262D /* Resources */ = {
			isa = PBXGroup;
			children = (
				B95580402D58EE2800A0262D /* openapi.yaml */,
				B95580412D58EE2800A0262D /* openapi-generator-config.yaml */,
			);
			path = Resources;
			sourceTree = "<group>";
		};
		B955804E2D58EE2800A0262D /* TravelSchedule */ = {
			isa = PBXGroup;
			children = (
				B9398BD92D736E9500C2364F /* Assets */,
				B9398BE52D736EA400C2364F /* Models */,
				B9398BF02D736EA800C2364F /* ViewModel */,
				B9398C0F2D736EAF00C2364F /* Views */,
				B95580602D58FFF800A0262D /* Info.plist */,
				B955803F2D58EE2800A0262D /* Preview Content */,
				B95580422D58EE2800A0262D /* Resources */,
				B95580442D58EE2800A0262D /* Assets.xcassets */,
				B9398C2B2D736EB400C2364F /* Services */,
				B95580462D58EE2800A0262D /* ContentView.swift */,
				B955804D2D58EE2800A0262D /* TravelScheduleApp.swift */,
			);
			path = TravelSchedule;
			sourceTree = "<group>";
		};
		B9C0F5DD2D42D3D600FB4A2E = {
			isa = PBXGroup;
			children = (
				B955804E2D58EE2800A0262D /* TravelSchedule */,
				B9313A562D42D68A00353B5B /* Frameworks */,
				B9C0F5E72D42D3D600FB4A2E /* Products */,
			);
			sourceTree = "<group>";
		};
		B9C0F5E72D42D3D600FB4A2E /* Products */ = {
			isa = PBXGroup;
			children = (
				B9C0F5E62D42D3D600FB4A2E /* TravelSchedule.app */,
			);
			name = Products;
			sourceTree = "<group>";
		};
/* End PBXGroup section */

/* Begin PBXNativeTarget section */
		B9C0F5E52D42D3D600FB4A2E /* TravelSchedule */ = {
			isa = PBXNativeTarget;
			buildConfigurationList = B9C0F5F42D42D3D700FB4A2E /* Build configuration list for PBXNativeTarget "TravelSchedule" */;
			buildPhases = (
				B9C0F5E22D42D3D600FB4A2E /* Sources */,
				B9C0F5E32D42D3D600FB4A2E /* Frameworks */,
				B9C0F5E42D42D3D600FB4A2E /* Resources */,
			);
			buildRules = (
			);
			dependencies = (
				B9C0F6012D42D4A100FB4A2E /* PBXTargetDependency */,
			);
			name = TravelSchedule;
			packageProductDependencies = (
				B9C0F5FB2D42D42C00FB4A2E /* OpenAPIRuntime */,
				B9C0F5FE2D42D43C00FB4A2E /* OpenAPIURLSession */,
			);
			productName = TravelSchedule;
			productReference = B9C0F5E62D42D3D600FB4A2E /* TravelSchedule.app */;
			productType = "com.apple.product-type.application";
		};
/* End PBXNativeTarget section */

/* Begin PBXProject section */
		B9C0F5DE2D42D3D600FB4A2E /* Project object */ = {
			isa = PBXProject;
			attributes = {
				BuildIndependentTargetsInParallel = 1;
				LastSwiftUpdateCheck = 1620;
				LastUpgradeCheck = 1620;
				TargetAttributes = {
					B9C0F5E52D42D3D600FB4A2E = {
						CreatedOnToolsVersion = 16.2;
					};
				};
			};
			buildConfigurationList = B9C0F5E12D42D3D600FB4A2E /* Build configuration list for PBXProject "TravelSchedule" */;
			developmentRegion = en;
			hasScannedForEncodings = 0;
			knownRegions = (
				en,
				Base,
			);
			mainGroup = B9C0F5DD2D42D3D600FB4A2E;
			minimizedProjectReferenceProxies = 1;
			packageReferences = (
				B9C0F5F72D42D41A00FB4A2E /* XCRemoteSwiftPackageReference "swift-openapi-generator" */,
				B9C0F5FA2D42D42C00FB4A2E /* XCRemoteSwiftPackageReference "swift-openapi-runtime" */,
				B9C0F5FD2D42D43C00FB4A2E /* XCRemoteSwiftPackageReference "swift-openapi-urlsession" */,
			);
			preferredProjectObjectVersion = 77;
			productRefGroup = B9C0F5E72D42D3D600FB4A2E /* Products */;
			projectDirPath = "";
			projectRoot = "";
			targets = (
				B9C0F5E52D42D3D600FB4A2E /* TravelSchedule */,
			);
		};
/* End PBXProject section */

/* Begin PBXResourcesBuildPhase section */
		B9C0F5E42D42D3D600FB4A2E /* Resources */ = {
			isa = PBXResourcesBuildPhase;
			buildActionMask = 2147483647;
			files = (
				B955804F2D58EE2800A0262D /* Preview Assets.xcassets in Resources */,
				B95580502D58EE2800A0262D /* openapi.yaml in Resources */,
				B95580512D58EE2800A0262D /* openapi-generator-config.yaml in Resources */,
				B95580522D58EE2800A0262D /* Assets.xcassets in Resources */,
			);
			runOnlyForDeploymentPostprocessing = 0;
		};
/* End PBXResourcesBuildPhase section */

/* Begin PBXSourcesBuildPhase section */
		B9C0F5E22D42D3D600FB4A2E /* Sources */ = {
			isa = PBXSourcesBuildPhase;
			buildActionMask = 2147483647;
			files = (
				B95580552D58EE2800A0262D /* ContentView.swift in Sources */,
				B9398BE62D736EA400C2364F /* Carrier.swift in Sources */,
				B9398BE72D736EA400C2364F /* ContentViewModel.swift in Sources */,
				B9398C992D75F17F00C2364F /* RouteSettingViewModel.swift in Sources */,
				B9398BE82D736EA400C2364F /* RouteSettingsModel.swift in Sources */,
				B9398BE92D736EA400C2364F /* NavigationModel.swift in Sources */,
				B9398BEA2D736EA400C2364F /* StoryModel.swift in Sources */,
				B9398BF12D736EA800C2364F /* StoryViewViewModel.swift in Sources */,
				B9398BF22D736EA800C2364F /* TravelServices.swift in Sources */,
				B9398BF32D736EA800C2364F /* ContentViewViewModel.swift in Sources */,
				B9398BF42D736EA800C2364F /* RouteCarrierData.swift in Sources */,
				B9398C102D736EAF00C2364F /* CarrierCard.swift in Sources */,
				B9398C112D736EAF00C2364F /* CarrierSearch.swift in Sources */,
				B9398C122D736EAF00C2364F /* RouteInfo.swift in Sources */,
				B9398C132D736EAF00C2364F /* RouteSettings.swift in Sources */,
				B9398C142D736EAF00C2364F /* StoryImageViewFull.swift in Sources */,
				B9398C152D736EAF00C2364F /* StoryTabView.swift in Sources */,
				B9398C162D736EAF00C2364F /* StoryView.swift in Sources */,
				B9398C172D736EAF00C2364F /* StoryCollectionView.swift in Sources */,
				B9398C182D736EAF00C2364F /* StoryPreviewImage.swift in Sources */,
				B9398C192D736EAF00C2364F /* NoInternetView.swift in Sources */,
				B9398C1A2D736EAF00C2364F /* ServerErrorView.swift in Sources */,
				B9398C1B2D736EAF00C2364F /* FromToView.swift in Sources */,
				B9398C1C2D736EAF00C2364F /* LocationSelection.swift in Sources */,
				B9D82D1B2D84B008009605DD /* TravelViewModel.swift in Sources */,
				B9398C1D2D736EAF00C2364F /* SearchBar.swift in Sources */,
				B9398C1E2D736EAF00C2364F /* StationSelection.swift in Sources */,
				B9398C1F2D736EAF00C2364F /* SettingsView.swift in Sources */,
				B9398C202D736EAF00C2364F /* userAgreementView.swift in Sources */,
				B9398C212D736EAF00C2364F /* MainTabView.swift in Sources */,
				B9398C222D736EAF00C2364F /* SplashScreen.swift in Sources */,
				B9398BF52D736EA800C2364F /* RouteData.swift in Sources */,
				B9398BDA2D736E9500C2364F /* TimerConfiguration.swift in Sources */,
				B9398BDB2D736E9500C2364F /* TimerConfiguration+Calculations.swift in Sources */,
				B9398BDC2D736E9500C2364F /* ProgressBar.swift in Sources */,
				B9398BDD2D736E9500C2364F /* StoriesProgressBar.swift in Sources */,
				B9398C2C2D736EB400C2364F /* AllStationService.swift in Sources */,
				B9398C2D2D736EB400C2364F /* CarrierByCodeService.swift in Sources */,
				B9D82EB22D89DE55009605DD /* CacheStorage.swift in Sources */,
				B9398C2E2D736EB400C2364F /* CopyrightService.swift in Sources */,
				B9398C2F2D736EB400C2364F /* NearestSettlementService.swift in Sources */,
				B9398C302D736EB400C2364F /* NearestStationService.swift in Sources */,
				B9398C312D736EB400C2364F /* ScheduleBetweenStationsService.swift in Sources */,
				B9398C322D736EB400C2364F /* ScheduleByStationService.swift in Sources */,
				B9398C332D736EB400C2364F /* StationOnRouteService.swift in Sources */,
				B9398BDE2D736E9500C2364F /* CloseButton.swift in Sources */,
				B9398BDF2D736E9500C2364F /* Font+Extensions.swift in Sources */,
				B955805C2D58EE2800A0262D /* TravelScheduleApp.swift in Sources */,
			);
			runOnlyForDeploymentPostprocessing = 0;
		};
/* End PBXSourcesBuildPhase section */

/* Begin PBXTargetDependency section */
		B9C0F6012D42D4A100FB4A2E /* PBXTargetDependency */ = {
			isa = PBXTargetDependency;
			productRef = B9C0F6002D42D4A100FB4A2E /* OpenAPIGenerator */;
		};
/* End PBXTargetDependency section */

/* Begin XCBuildConfiguration section */
		B9C0F5F22D42D3D700FB4A2E /* Debug */ = {
			isa = XCBuildConfiguration;
			buildSettings = {
				ALWAYS_SEARCH_USER_PATHS = NO;
				ASSETCATALOG_COMPILER_GENERATE_SWIFT_ASSET_SYMBOL_EXTENSIONS = YES;
				CLANG_ANALYZER_NONNULL = YES;
				CLANG_ANALYZER_NUMBER_OBJECT_CONVERSION = YES_AGGRESSIVE;
				CLANG_CXX_LANGUAGE_STANDARD = "gnu++20";
				CLANG_ENABLE_MODULES = YES;
				CLANG_ENABLE_OBJC_ARC = YES;
				CLANG_ENABLE_OBJC_WEAK = YES;
				CLANG_WARN_BLOCK_CAPTURE_AUTORELEASING = YES;
				CLANG_WARN_BOOL_CONVERSION = YES;
				CLANG_WARN_COMMA = YES;
				CLANG_WARN_CONSTANT_CONVERSION = YES;
				CLANG_WARN_DEPRECATED_OBJC_IMPLEMENTATIONS = YES;
				CLANG_WARN_DIRECT_OBJC_ISA_USAGE = YES_ERROR;
				CLANG_WARN_DOCUMENTATION_COMMENTS = YES;
				CLANG_WARN_EMPTY_BODY = YES;
				CLANG_WARN_ENUM_CONVERSION = YES;
				CLANG_WARN_INFINITE_RECURSION = YES;
				CLANG_WARN_INT_CONVERSION = YES;
				CLANG_WARN_NON_LITERAL_NULL_CONVERSION = YES;
				CLANG_WARN_OBJC_IMPLICIT_RETAIN_SELF = YES;
				CLANG_WARN_OBJC_LITERAL_CONVERSION = YES;
				CLANG_WARN_OBJC_ROOT_CLASS = YES_ERROR;
				CLANG_WARN_QUOTED_INCLUDE_IN_FRAMEWORK_HEADER = YES;
				CLANG_WARN_RANGE_LOOP_ANALYSIS = YES;
				CLANG_WARN_STRICT_PROTOTYPES = YES;
				CLANG_WARN_SUSPICIOUS_MOVE = YES;
				CLANG_WARN_UNGUARDED_AVAILABILITY = YES_AGGRESSIVE;
				CLANG_WARN_UNREACHABLE_CODE = YES;
				CLANG_WARN__DUPLICATE_METHOD_MATCH = YES;
				COPY_PHASE_STRIP = NO;
				DEBUG_INFORMATION_FORMAT = dwarf;
				ENABLE_STRICT_OBJC_MSGSEND = YES;
				ENABLE_TESTABILITY = YES;
				ENABLE_USER_SCRIPT_SANDBOXING = YES;
				GCC_C_LANGUAGE_STANDARD = gnu17;
				GCC_DYNAMIC_NO_PIC = NO;
				GCC_NO_COMMON_BLOCKS = YES;
				GCC_OPTIMIZATION_LEVEL = 0;
				GCC_PREPROCESSOR_DEFINITIONS = (
					"DEBUG=1",
					"$(inherited)",
				);
				GCC_WARN_64_TO_32_BIT_CONVERSION = YES;
				GCC_WARN_ABOUT_RETURN_TYPE = YES_ERROR;
				GCC_WARN_UNDECLARED_SELECTOR = YES;
				GCC_WARN_UNINITIALIZED_AUTOS = YES_AGGRESSIVE;
				GCC_WARN_UNUSED_FUNCTION = YES;
				GCC_WARN_UNUSED_VARIABLE = YES;
				IPHONEOS_DEPLOYMENT_TARGET = 18.2;
				LOCALIZATION_PREFERS_STRING_CATALOGS = YES;
				MTL_ENABLE_DEBUG_INFO = INCLUDE_SOURCE;
				MTL_FAST_MATH = YES;
				ONLY_ACTIVE_ARCH = YES;
				SDKROOT = iphoneos;
				SWIFT_ACTIVE_COMPILATION_CONDITIONS = "DEBUG $(inherited)";
				SWIFT_OPTIMIZATION_LEVEL = "-Onone";
			};
			name = Debug;
		};
		B9C0F5F32D42D3D700FB4A2E /* Release */ = {
			isa = XCBuildConfiguration;
			buildSettings = {
				ALWAYS_SEARCH_USER_PATHS = NO;
				ASSETCATALOG_COMPILER_GENERATE_SWIFT_ASSET_SYMBOL_EXTENSIONS = YES;
				CLANG_ANALYZER_NONNULL = YES;
				CLANG_ANALYZER_NUMBER_OBJECT_CONVERSION = YES_AGGRESSIVE;
				CLANG_CXX_LANGUAGE_STANDARD = "gnu++20";
				CLANG_ENABLE_MODULES = YES;
				CLANG_ENABLE_OBJC_ARC = YES;
				CLANG_ENABLE_OBJC_WEAK = YES;
				CLANG_WARN_BLOCK_CAPTURE_AUTORELEASING = YES;
				CLANG_WARN_BOOL_CONVERSION = YES;
				CLANG_WARN_COMMA = YES;
				CLANG_WARN_CONSTANT_CONVERSION = YES;
				CLANG_WARN_DEPRECATED_OBJC_IMPLEMENTATIONS = YES;
				CLANG_WARN_DIRECT_OBJC_ISA_USAGE = YES_ERROR;
				CLANG_WARN_DOCUMENTATION_COMMENTS = YES;
				CLANG_WARN_EMPTY_BODY = YES;
				CLANG_WARN_ENUM_CONVERSION = YES;
				CLANG_WARN_INFINITE_RECURSION = YES;
				CLANG_WARN_INT_CONVERSION = YES;
				CLANG_WARN_NON_LITERAL_NULL_CONVERSION = YES;
				CLANG_WARN_OBJC_IMPLICIT_RETAIN_SELF = YES;
				CLANG_WARN_OBJC_LITERAL_CONVERSION = YES;
				CLANG_WARN_OBJC_ROOT_CLASS = YES_ERROR;
				CLANG_WARN_QUOTED_INCLUDE_IN_FRAMEWORK_HEADER = YES;
				CLANG_WARN_RANGE_LOOP_ANALYSIS = YES;
				CLANG_WARN_STRICT_PROTOTYPES = YES;
				CLANG_WARN_SUSPICIOUS_MOVE = YES;
				CLANG_WARN_UNGUARDED_AVAILABILITY = YES_AGGRESSIVE;
				CLANG_WARN_UNREACHABLE_CODE = YES;
				CLANG_WARN__DUPLICATE_METHOD_MATCH = YES;
				COPY_PHASE_STRIP = NO;
				DEBUG_INFORMATION_FORMAT = "dwarf-with-dsym";
				ENABLE_NS_ASSERTIONS = NO;
				ENABLE_STRICT_OBJC_MSGSEND = YES;
				ENABLE_USER_SCRIPT_SANDBOXING = YES;
				GCC_C_LANGUAGE_STANDARD = gnu17;
				GCC_NO_COMMON_BLOCKS = YES;
				GCC_WARN_64_TO_32_BIT_CONVERSION = YES;
				GCC_WARN_ABOUT_RETURN_TYPE = YES_ERROR;
				GCC_WARN_UNDECLARED_SELECTOR = YES;
				GCC_WARN_UNINITIALIZED_AUTOS = YES_AGGRESSIVE;
				GCC_WARN_UNUSED_FUNCTION = YES;
				GCC_WARN_UNUSED_VARIABLE = YES;
				IPHONEOS_DEPLOYMENT_TARGET = 18.2;
				LOCALIZATION_PREFERS_STRING_CATALOGS = YES;
				MTL_ENABLE_DEBUG_INFO = NO;
				MTL_FAST_MATH = YES;
				SDKROOT = iphoneos;
				SWIFT_COMPILATION_MODE = wholemodule;
				VALIDATE_PRODUCT = YES;
			};
			name = Release;
		};
		B9C0F5F52D42D3D700FB4A2E /* Debug */ = {
			isa = XCBuildConfiguration;
			buildSettings = {
				ASSETCATALOG_COMPILER_APPICON_NAME = AppIcon;
				ASSETCATALOG_COMPILER_GLOBAL_ACCENT_COLOR_NAME = AccentColor;
				CODE_SIGN_STYLE = Automatic;
				CURRENT_PROJECT_VERSION = 1;
				DEVELOPMENT_ASSET_PATHS = "\"TravelSchedule/Preview Content\"";
				DEVELOPMENT_TEAM = 525NQN8N76;
				ENABLE_PREVIEWS = YES;
				GENERATE_INFOPLIST_FILE = YES;
				INFOPLIST_FILE = TravelSchedule/Info.plist;
				INFOPLIST_KEY_UIApplicationSceneManifest_Generation = YES;
				INFOPLIST_KEY_UIApplicationSupportsIndirectInputEvents = YES;
				INFOPLIST_KEY_UISupportedInterfaceOrientations = UIInterfaceOrientationPortrait;
				INFOPLIST_KEY_UISupportedInterfaceOrientations_iPad = "UIInterfaceOrientationLandscapeLeft UIInterfaceOrientationLandscapeRight UIInterfaceOrientationPortrait UIInterfaceOrientationPortraitUpsideDown";
				IPHONEOS_DEPLOYMENT_TARGET = 16.6;
				LD_RUNPATH_SEARCH_PATHS = (
					"$(inherited)",
					"@executable_path/Frameworks",
				);
				MARKETING_VERSION = 1.0;
				PRODUCT_BUNDLE_IDENTIFIER = ru.zvonarevva.Yandex.TravelSchedule;
				PRODUCT_NAME = "$(TARGET_NAME)";
				SUPPORTED_PLATFORMS = "iphoneos iphonesimulator";
				SUPPORTS_MACCATALYST = NO;
				SUPPORTS_MAC_DESIGNED_FOR_IPHONE_IPAD = NO;
				SUPPORTS_XR_DESIGNED_FOR_IPHONE_IPAD = NO;
				SWIFT_EMIT_LOC_STRINGS = YES;
				SWIFT_VERSION = 5.0;
				TARGETED_DEVICE_FAMILY = 1;
			};
			name = Debug;
		};
		B9C0F5F62D42D3D700FB4A2E /* Release */ = {
			isa = XCBuildConfiguration;
			buildSettings = {
				ASSETCATALOG_COMPILER_APPICON_NAME = AppIcon;
				ASSETCATALOG_COMPILER_GLOBAL_ACCENT_COLOR_NAME = AccentColor;
				CODE_SIGN_STYLE = Automatic;
				CURRENT_PROJECT_VERSION = 1;
				DEVELOPMENT_ASSET_PATHS = "\"TravelSchedule/Preview Content\"";
				DEVELOPMENT_TEAM = 525NQN8N76;
				ENABLE_PREVIEWS = YES;
				GENERATE_INFOPLIST_FILE = YES;
				INFOPLIST_FILE = TravelSchedule/Info.plist;
				INFOPLIST_KEY_UIApplicationSceneManifest_Generation = YES;
				INFOPLIST_KEY_UIApplicationSupportsIndirectInputEvents = YES;
				INFOPLIST_KEY_UISupportedInterfaceOrientations = UIInterfaceOrientationPortrait;
				INFOPLIST_KEY_UISupportedInterfaceOrientations_iPad = "UIInterfaceOrientationLandscapeLeft UIInterfaceOrientationLandscapeRight UIInterfaceOrientationPortrait UIInterfaceOrientationPortraitUpsideDown";
				IPHONEOS_DEPLOYMENT_TARGET = 16.6;
				LD_RUNPATH_SEARCH_PATHS = (
					"$(inherited)",
					"@executable_path/Frameworks",
				);
				MARKETING_VERSION = 1.0;
				PRODUCT_BUNDLE_IDENTIFIER = ru.zvonarevva.Yandex.TravelSchedule;
				PRODUCT_NAME = "$(TARGET_NAME)";
				SUPPORTED_PLATFORMS = "iphoneos iphonesimulator";
				SUPPORTS_MACCATALYST = NO;
				SUPPORTS_MAC_DESIGNED_FOR_IPHONE_IPAD = NO;
				SUPPORTS_XR_DESIGNED_FOR_IPHONE_IPAD = NO;
				SWIFT_EMIT_LOC_STRINGS = YES;
				SWIFT_VERSION = 5.0;
				TARGETED_DEVICE_FAMILY = 1;
			};
			name = Release;
		};
/* End XCBuildConfiguration section */

/* Begin XCConfigurationList section */
		B9C0F5E12D42D3D600FB4A2E /* Build configuration list for PBXProject "TravelSchedule" */ = {
			isa = XCConfigurationList;
			buildConfigurations = (
				B9C0F5F22D42D3D700FB4A2E /* Debug */,
				B9C0F5F32D42D3D700FB4A2E /* Release */,
			);
			defaultConfigurationIsVisible = 0;
			defaultConfigurationName = Release;
		};
		B9C0F5F42D42D3D700FB4A2E /* Build configuration list for PBXNativeTarget "TravelSchedule" */ = {
			isa = XCConfigurationList;
			buildConfigurations = (
				B9C0F5F52D42D3D700FB4A2E /* Debug */,
				B9C0F5F62D42D3D700FB4A2E /* Release */,
			);
			defaultConfigurationIsVisible = 0;
			defaultConfigurationName = Release;
		};
/* End XCConfigurationList section */

/* Begin XCRemoteSwiftPackageReference section */
		B9C0F5F72D42D41A00FB4A2E /* XCRemoteSwiftPackageReference "swift-openapi-generator" */ = {
			isa = XCRemoteSwiftPackageReference;
			repositoryURL = "https://github.com/apple/swift-openapi-generator";
			requirement = {
				kind = upToNextMajorVersion;
				minimumVersion = 1.7.0;
			};
		};
		B9C0F5FA2D42D42C00FB4A2E /* XCRemoteSwiftPackageReference "swift-openapi-runtime" */ = {
			isa = XCRemoteSwiftPackageReference;
			repositoryURL = "https://github.com/apple/swift-openapi-runtime";
			requirement = {
				kind = upToNextMajorVersion;
				minimumVersion = 1.8.0;
			};
		};
		B9C0F5FD2D42D43C00FB4A2E /* XCRemoteSwiftPackageReference "swift-openapi-urlsession" */ = {
			isa = XCRemoteSwiftPackageReference;
			repositoryURL = "https://github.com/apple/swift-openapi-urlsession";
			requirement = {
				kind = upToNextMajorVersion;
				minimumVersion = 1.0.2;
			};
		};
/* End XCRemoteSwiftPackageReference section */

/* Begin XCSwiftPackageProductDependency section */
		B9C0F5FB2D42D42C00FB4A2E /* OpenAPIRuntime */ = {
			isa = XCSwiftPackageProductDependency;
			package = B9C0F5FA2D42D42C00FB4A2E /* XCRemoteSwiftPackageReference "swift-openapi-runtime" */;
			productName = OpenAPIRuntime;
		};
		B9C0F5FE2D42D43C00FB4A2E /* OpenAPIURLSession */ = {
			isa = XCSwiftPackageProductDependency;
			package = B9C0F5FD2D42D43C00FB4A2E /* XCRemoteSwiftPackageReference "swift-openapi-urlsession" */;
			productName = OpenAPIURLSession;
		};
		B9C0F6002D42D4A100FB4A2E /* OpenAPIGenerator */ = {
			isa = XCSwiftPackageProductDependency;
			package = B9C0F5F72D42D41A00FB4A2E /* XCRemoteSwiftPackageReference "swift-openapi-generator" */;
			productName = "plugin:OpenAPIGenerator";
		};
/* End XCSwiftPackageProductDependency section */
	};
	rootObject = B9C0F5DE2D42D3D600FB4A2E /* Project object */;
}
